
Microsoft Visual Studio Solution File, Format Version 10.00
# Visual C# Express 2008
Project("{FAE04EC0-301F-11D3-BF4B-00C04F79EFBC}") = "Restraunt", "Restraunt\Restraunt.csproj", "{B0156317-59C1-48A4-AFC8-992F6B8D7F0B}"
EndProject
Global
	GlobalSection(SolutionConfigurationPlatforms) = preSolution
		Debug|Any CPU = Debug|Any CPU
		Release|Any CPU = Release|Any CPU
	EndGlobalSection
	GlobalSection(ProjectConfigurationPlatforms) = postSolution
		{B0156317-59C1-48A4-AFC8-992F6B8D7F0B}.Debug|Any CPU.ActiveCfg = Debug|Any CPU
		{B0156317-59C1-48A4-AFC8-992F6B8D7F0B}.Debug|Any CPU.Build.0 = Debug|Any CPU
		{B0156317-59C1-48A4-AFC8-992F6B8D7F0B}.Release|Any CPU.ActiveCfg = Release|Any CPU
		{B0156317-59C1-48A4-AFC8-992F6B8D7F0B}.Release|Any CPU.Build.0 = Release|Any CPU
	EndGlobalSection
	GlobalSection(SolutionProperties) = preSolution
		HideSolutionNode = FALSE
	EndGlobalSection
EndGlobal
